# This file is automatically @generated by Cargo.
# It is not intended for manual editing.
version = 3

[[package]]
name = "openssl-src"
version = "300.0.9+3.0.5"
source = "registry+https://github.com/rust-lang/crates.io-index"
checksum = "df52116687e2d276515a1cbf0b84d2fb646f519aebe65d2fa82f28c5d078f174"
dependencies = [
 "cc",
]